# This file is automatically @generated by Cargo.
# It is not intended for manual editing.
version = 4

[[package]]
name = "autocfg"
version = "1.5.0"
source = "registry+https://github.com/rust-lang/crates.io-index"
checksum = "c08606f8c3cbf4ce6ec8e28fb0014a2c086708fe954eaa885384a6165172e7e8"

[[package]]
name = "byteorder"
version = "1.5.0"
source = "registry+https://github.com/rust-lang/crates.io-index"
checksum = "1fd0f2584146f6f2ef48085050886acf353beff7305ebd1ae69500e27c67f64b"

[[package]]
name = "crc"
version = "3.3.0"
source = "registry+https://github.com/rust-lang/crates.io-index"
checksum = "9710d3b3739c2e349eb44fe848ad0b7c8cb1e42bd87ee49371df2f7acaf3e675"
dependencies = [
 "crc-catalog",
]

[[package]]
name = "crc-catalog"
version = "2.4.0"
source = "registry+https://github.com/rust-lang/crates.io-index"
checksum = "19d374276b40fb8bbdee95aef7c7fa6b5316ec764510eb64b8dd0e2ed0d7e7f5"

[[package]]
name = "num-traits"
version = "0.2.19"
source = "registry+https://github.com/rust-lang/crates.io-index"
checksum = "071dfc062690e90b734c0b2273ce72ad0ffa95f0c74596bc250dcfd960262841"
dependencies = [
 "autocfg",
]

[[package]]
name = "renogy-rs"
version = "0.1.0"
dependencies = [
 "byteorder",
 "crc",
 "uom",
]

[[package]]
name = "typenum"
version = "1.19.0"
source = "registry+https://github.com/rust-lang/crates.io-index"
checksum = "562d481066bde0658276a35467c4af00bdc6ee726305698a55b86e61d7ad82bb"

[[package]]
name = "uom"
version = "0.35.0"
source = "registry+https://github.com/rust-lang/crates.io-index"
checksum = "8362194c7a9845a7a7f3562173d6e1da3f24f7132018cb78fe77a5b4474187b2"
dependencies = [
 "num-traits",
 "typenum",
]
